
Microsoft Visual Studio Solution File, Format Version 12.00
# Visual Studio Version 16
VisualStudioVersion = 16.0.33801.447
MinimumVisualStudioVersion = 10.0.40219.1
Project("{FAE04EC0-301F-11D3-BF4B-00C04F79EFBC}") = "PM01_020_Ivanov", "PM01_020_Ivanov\PM01_020_Ivanov.csproj", "{DEEC6C6A-50F5-4076-8DED-5CC883BF6668}"
EndProject
Global
	GlobalSection(SolutionConfigurationPlatforms) = preSolution
		Debug|Any CPU = Debug|Any CPU
		Release|Any CPU = Release|Any CPU
	EndGlobalSection
	GlobalSection(ProjectConfigurationPlatforms) = postSolution
		{DEEC6C6A-50F5-4076-8DED-5CC883BF6668}.Debug|Any CPU.ActiveCfg = Debug|Any CPU
		{DEEC6C6A-50F5-4076-8DED-5CC883BF6668}.Debug|Any CPU.Build.0 = Debug|Any CPU
		{DEEC6C6A-50F5-4076-8DED-5CC883BF6668}.Release|Any CPU.ActiveCfg = Release|Any CPU
		{DEEC6C6A-50F5-4076-8DED-5CC883BF6668}.Release|Any CPU.Build.0 = Release|Any CPU
	EndGlobalSection
	GlobalSection(SolutionProperties) = preSolution
		HideSolutionNode = FALSE
	EndGlobalSection
	GlobalSection(ExtensibilityGlobals) = postSolution
		SolutionGuid = {8E331517-D3C6-4FC1-B4F8-32D482B4F4A3}
	EndGlobalSection
EndGlobal
